
Microsoft Visual Studio Solution File, Format Version 12.00
# Visual Studio Version 16
VisualStudioVersion = 16.0.29123.88
MinimumVisualStudioVersion = 10.0.40219.1
Project("{FAE04EC0-301F-11D3-BF4B-00C04F79EFBC}") = "ConsoleAppLab1", "ConsoleAppLab1.csproj", "{5A8C613A-2148-4BC8-A4D5-5072EABFB0AF}"
EndProject
Global
	GlobalSection(SolutionConfigurationPlatforms) = preSolution
		Debug|Any CPU = Debug|Any CPU
		Release|Any CPU = Release|Any CPU
	EndGlobalSection
	GlobalSection(ProjectConfigurationPlatforms) = postSolution
		{5A8C613A-2148-4BC8-A4D5-5072EABFB0AF}.Debug|Any CPU.ActiveCfg = Debug|Any CPU
		{5A8C613A-2148-4BC8-A4D5-5072EABFB0AF}.Debug|Any CPU.Build.0 = Debug|Any CPU
		{5A8C613A-2148-4BC8-A4D5-5072EABFB0AF}.Release|Any CPU.ActiveCfg = Release|Any CPU
		{5A8C613A-2148-4BC8-A4D5-5072EABFB0AF}.Release|Any CPU.Build.0 = Release|Any CPU
	EndGlobalSection
	GlobalSection(SolutionProperties) = preSolution
		HideSolutionNode = FALSE
	EndGlobalSection
	GlobalSection(ExtensibilityGlobals) = postSolution
		SolutionGuid = {20C16192-32B7-45C6-A926-8A3B4061DC3A}
	EndGlobalSection
EndGlobal
